// !$*UTF8*$!
{
	archiveVersion = 1;
	classes = {
	};
	objectVersion = 50;
	objects = {

/* Begin PBXBuildFile section */
		4E256A52255C31DD00D2364F /* DetailView.swift in Sources */ = {isa = PBXBuildFile; fileRef = 4E256A51255C31DD00D2364F /* DetailView.swift */; };
		4E256A57255C403600D2364F /* WebView.swift in Sources */ = {isa = PBXBuildFile; fileRef = 4E256A56255C403600D2364F /* WebView.swift */; };
		4E91FD32255AC17D00E7A558 /* NetworkManager.swift in Sources */ = {isa = PBXBuildFile; fileRef = 4E91FD31255AC17D00E7A558 /* NetworkManager.swift */; };
		4E91FD37255AC59900E7A558 /* PostData.swift in Sources */ = {isa = PBXBuildFile; fileRef = 4E91FD36255AC59900E7A558 /* PostData.swift */; };
		4EAFE0EF2537446E002D5235 /* AppDelegate.swift in Sources */ = {isa = PBXBuildFile; fileRef = 4EAFE0EE2537446E002D5235 /* AppDelegate.swift */; };
		4EAFE0F12537446E002D5235 /* SceneDelegate.swift in Sources */ = {isa = PBXBuildFile; fileRef = 4EAFE0F02537446E002D5235 /* SceneDelegate.swift */; };
		4EAFE0F32537446E002D5235 /* ContentView.swift in Sources */ = {isa = PBXBuildFile; fileRef = 4EAFE0F22537446E002D5235 /* ContentView.swift */; };
		4EAFE0F52537446F002D5235 /* Assets.xcassets in Resources */ = {isa = PBXBuildFile; fileRef = 4EAFE0F42537446F002D5235 /* Assets.xcassets */; };
		4EAFE0F82537446F002D5235 /* Preview Assets.xcassets in Resources */ = {isa = PBXBuildFile; fileRef = 4EAFE0F72537446F002D5235 /* Preview Assets.xcassets */; };
		4EAFE0FB2537446F002D5235 /* LaunchScreen.storyboard in Resources */ = {isa = PBXBuildFile; fileRef = 4EAFE0F92537446F002D5235 /* LaunchScreen.storyboard */; };
		4EAFE1062537446F002D5235 /* H4X0RTests.swift in Sources */ = {isa = PBXBuildFile; fileRef = 4EAFE1052537446F002D5235 /* H4X0RTests.swift */; };
		4EAFE11125374470002D5235 /* H4X0RUITests.swift in Sources */ = {isa = PBXBuildFile; fileRef = 4EAFE11025374470002D5235 /* H4X0RUITests.swift */; };
/* End PBXBuildFile section */

/* Begin PBXContainerItemProxy section */
		4EAFE1022537446F002D5235 /* PBXContainerItemProxy */ = {
			isa = PBXContainerItemProxy;
			containerPortal = 4EAFE0E32537446E002D5235 /* Project object */;
			proxyType = 1;
			remoteGlobalIDString = 4EAFE0EA2537446E002D5235;
			remoteInfo = H4X0R;
		};
		4EAFE10D25374470002D5235 /* PBXContainerItemProxy */ = {
			isa = PBXContainerItemProxy;
			containerPortal = 4EAFE0E32537446E002D5235 /* Project object */;
			proxyType = 1;
			remoteGlobalIDString = 4EAFE0EA2537446E002D5235;
			remoteInfo = H4X0R;
		};
/* End PBXContainerItemProxy section */

/* Begin PBXFileReference section */
		4E256A51255C31DD00D2364F /* DetailView.swift */ = {isa = PBXFileReference; lastKnownFileType = sourcecode.swift; path = DetailView.swift; sourceTree = "<group>"; };
		4E256A56255C403600D2364F /* WebView.swift */ = {isa = PBXFileReference; lastKnownFileType = sourcecode.swift; path = WebView.swift; sourceTree = "<group>"; };
		4E256A5B255C41F300D2364F /* H4X0R.entitlements */ = {isa = PBXFileReference; lastKnownFileType = text.plist.entitlements; path = H4X0R.entitlements; sourceTree = "<group>"; };
		4E91FD31255AC17D00E7A558 /* NetworkManager.swift */ = {isa = PBXFileReference; lastKnownFileType = sourcecode.swift; path = NetworkManager.swift; sourceTree = "<group>"; };
		4E91FD36255AC59900E7A558 /* PostData.swift */ = {isa = PBXFileReference; lastKnownFileType = sourcecode.swift; path = PostData.swift; sourceTree = "<group>"; };
		4EAFE0EB2537446E002D5235 /* H4X0R.app */ = {isa = PBXFileReference; explicitFileType = wrapper.application; includeInIndex = 0; path = H4X0R.app; sourceTree = BUILT_PRODUCTS_DIR; };
		4EAFE0EE2537446E002D5235 /* AppDelegate.swift */ = {isa = PBXFileReference; lastKnownFileType = sourcecode.swift; path = AppDelegate.swift; sourceTree = "<group>"; };
		4EAFE0F02537446E002D5235 /* SceneDelegate.swift */ = {isa = PBXFileReference; lastKnownFileType = sourcecode.swift; path = SceneDelegate.swift; sourceTree = "<group>"; };
		4EAFE0F22537446E002D5235 /* ContentView.swift */ = {isa = PBXFileReference; lastKnownFileType = sourcecode.swift; path = ContentView.swift; sourceTree = "<group>"; };
		4EAFE0F42537446F002D5235 /* Assets.xcassets */ = {isa = PBXFileReference; lastKnownFileType = folder.assetcatalog; path = Assets.xcassets; sourceTree = "<group>"; };
		4EAFE0F72537446F002D5235 /* Preview Assets.xcassets */ = {isa = PBXFileReference; lastKnownFileType = folder.assetcatalog; path = "Preview Assets.xcassets"; sourceTree = "<group>"; };
		4EAFE0FA2537446F002D5235 /* Base */ = {isa = PBXFileReference; lastKnownFileType = file.storyboard; name = Base; path = Base.lproj/LaunchScreen.storyboard; sourceTree = "<group>"; };
		4EAFE0FC2537446F002D5235 /* Info.plist */ = {isa = PBXFileReference; lastKnownFileType = text.plist.xml; path = Info.plist; sourceTree = "<group>"; };
		4EAFE1012537446F002D5235 /* H4X0RTests.xctest */ = {isa = PBXFileReference; explicitFileType = wrapper.cfbundle; includeInIndex = 0; path = H4X0RTests.xctest; sourceTree = BUILT_PRODUCTS_DIR; };
		4EAFE1052537446F002D5235 /* H4X0RTests.swift */ = {isa = PBXFileReference; lastKnownFileType = sourcecode.swift; path = H4X0RTests.swift; sourceTree = "<group>"; };
		4EAFE1072537446F002D5235 /* Info.plist */ = {isa = PBXFileReference; lastKnownFileType = text.plist.xml; path = Info.plist; sourceTree = "<group>"; };
		4EAFE10C2537446F002D5235 /* H4X0RUITests.xctest */ = {isa = PBXFileReference; explicitFileType = wrapper.cfbundle; includeInIndex = 0; path = H4X0RUITests.xctest; sourceTree = BUILT_PRODUCTS_DIR; };
		4EAFE11025374470002D5235 /* H4X0RUITests.swift */ = {isa = PBXFileReference; lastKnownFileType = sourcecode.swift; path = H4X0RUITests.swift; sourceTree = "<group>"; };
		4EAFE11225374470002D5235 /* Info.plist */ = {isa = PBXFileReference; lastKnownFileType = text.plist.xml; path = Info.plist; sourceTree = "<group>"; };
/* End PBXFileReference section */

/* Begin PBXFrameworksBuildPhase section */
		4EAFE0E82537446E002D5235 /* Frameworks */ = {
			isa = PBXFrameworksBuildPhase;
			buildActionMask = 2147483647;
			files = (
			);
			runOnlyForDeploymentPostprocessing = 0;
		};
		4EAFE0FE2537446F002D5235 /* Frameworks */ = {
			isa = PBXFrameworksBuildPhase;
			buildActionMask = 2147483647;
			files = (
			);
			runOnlyForDeploymentPostprocessing = 0;
		};
		4EAFE1092537446F002D5235 /* Frameworks */ = {
			isa = PBXFrameworksBuildPhase;
			buildActionMask = 2147483647;
			files = (
			);
			runOnlyForDeploymentPostprocessing = 0;
		};
/* End PBXFrameworksBuildPhase section */

/* Begin PBXGroup section */
		4E256A4D255C31CE00D2364F /* Views */ = {
			isa = PBXGroup;
			children = (
				4EAFE0F22537446E002D5235 /* ContentView.swift */,
				4E256A51255C31DD00D2364F /* DetailView.swift */,
				4E256A56255C403600D2364F /* WebView.swift */,
			);
			path = Views;
			sourceTree = "<group>";
		};
		4E91FD30255AC16100E7A558 /* Models */ = {
			isa = PBXGroup;
			children = (
				4E91FD31255AC17D00E7A558 /* NetworkManager.swift */,
				4E91FD36255AC59900E7A558 /* PostData.swift */,
			);
			path = Models;
			sourceTree = "<group>";
		};
		4EAFE0E22537446E002D5235 = {
			isa = PBXGroup;
			children = (
				4EAFE0ED2537446E002D5235 /* H4X0R */,
				4EAFE1042537446F002D5235 /* H4X0RTests */,
				4EAFE10F25374470002D5235 /* H4X0RUITests */,
				4EAFE0EC2537446E002D5235 /* Products */,
			);
			sourceTree = "<group>";
		};
		4EAFE0EC2537446E002D5235 /* Products */ = {
			isa = PBXGroup;
			children = (
				4EAFE0EB2537446E002D5235 /* H4X0R.app */,
				4EAFE1012537446F002D5235 /* H4X0RTests.xctest */,
				4EAFE10C2537446F002D5235 /* H4X0RUITests.xctest */,
			);
			name = Products;
			sourceTree = "<group>";
		};
		4EAFE0ED2537446E002D5235 /* H4X0R */ = {
			isa = PBXGroup;
			children = (
				4E256A5B255C41F300D2364F /* H4X0R.entitlements */,
				4EAFE0EE2537446E002D5235 /* AppDelegate.swift */,
				4EAFE0F02537446E002D5235 /* SceneDelegate.swift */,
				4E256A4D255C31CE00D2364F /* Views */,
				4E91FD30255AC16100E7A558 /* Models */,
				4EAFE0F42537446F002D5235 /* Assets.xcassets */,
				4EAFE0F92537446F002D5235 /* LaunchScreen.storyboard */,
				4EAFE0FC2537446F002D5235 /* Info.plist */,
				4EAFE0F62537446F002D5235 /* Preview Content */,
			);
			path = H4X0R;
			sourceTree = "<group>";
		};
		4EAFE0F62537446F002D5235 /* Preview Content */ = {
			isa = PBXGroup;
			children = (
				4EAFE0F72537446F002D5235 /* Preview Assets.xcassets */,
			);
			path = "Preview Content";
			sourceTree = "<group>";
		};
		4EAFE1042537446F002D5235 /* H4X0RTests */ = {
			isa = PBXGroup;
			children = (
				4EAFE1052537446F002D5235 /* H4X0RTests.swift */,
				4EAFE1072537446F002D5235 /* Info.plist */,
			);
			path = H4X0RTests;
			sourceTree = "<group>";
		};
		4EAFE10F25374470002D5235 /* H4X0RUITests */ = {
			isa = PBXGroup;
			children = (
				4EAFE11025374470002D5235 /* H4X0RUITests.swift */,
				4EAFE11225374470002D5235 /* Info.plist */,
			);
			path = H4X0RUITests;
			sourceTree = "<group>";
		};
/* End PBXGroup section */

/* Begin PBXNativeTarget section */
		4EAFE0EA2537446E002D5235 /* H4X0R */ = {
			isa = PBXNativeTarget;
			buildConfigurationList = 4EAFE11525374470002D5235 /* Build configuration list for PBXNativeTarget "H4X0R" */;
			buildPhases = (
				4EAFE0E72537446E002D5235 /* Sources */,
				4EAFE0E82537446E002D5235 /* Frameworks */,
				4EAFE0E92537446E002D5235 /* Resources */,
			);
			buildRules = (
			);
			dependencies = (
			);
			name = H4X0R;
			productName = H4X0R;
			productReference = 4EAFE0EB2537446E002D5235 /* H4X0R.app */;
			productType = "com.apple.product-type.application";
		};
		4EAFE1002537446F002D5235 /* H4X0RTests */ = {
			isa = PBXNativeTarget;
			buildConfigurationList = 4EAFE11825374470002D5235 /* Build configuration list for PBXNativeTarget "H4X0RTests" */;
			buildPhases = (
				4EAFE0FD2537446F002D5235 /* Sources */,
				4EAFE0FE2537446F002D5235 /* Frameworks */,
				4EAFE0FF2537446F002D5235 /* Resources */,
			);
			buildRules = (
			);
			dependencies = (
				4EAFE1032537446F002D5235 /* PBXTargetDependency */,
			);
			name = H4X0RTests;
			productName = H4X0RTests;
			productReference = 4EAFE1012537446F002D5235 /* H4X0RTests.xctest */;
			productType = "com.apple.product-type.bundle.unit-test";
		};
		4EAFE10B2537446F002D5235 /* H4X0RUITests */ = {
			isa = PBXNativeTarget;
			buildConfigurationList = 4EAFE11B25374470002D5235 /* Build configuration list for PBXNativeTarget "H4X0RUITests" */;
			buildPhases = (
				4EAFE1082537446F002D5235 /* Sources */,
				4EAFE1092537446F002D5235 /* Frameworks */,
				4EAFE10A2537446F002D5235 /* Resources */,
			);
			buildRules = (
			);
			dependencies = (
				4EAFE10E25374470002D5235 /* PBXTargetDependency */,
			);
			name = H4X0RUITests;
			productName = H4X0RUITests;
			productReference = 4EAFE10C2537446F002D5235 /* H4X0RUITests.xctest */;
			productType = "com.apple.product-type.bundle.ui-testing";
		};
/* End PBXNativeTarget section */

/* Begin PBXProject section */
		4EAFE0E32537446E002D5235 /* Project object */ = {
			isa = PBXProject;
			attributes = {
				LastSwiftUpdateCheck = 1200;
				LastUpgradeCheck = 1200;
				TargetAttributes = {
					4EAFE0EA2537446E002D5235 = {
						CreatedOnToolsVersion = 12.0.1;
					};
					4EAFE1002537446F002D5235 = {
						CreatedOnToolsVersion = 12.0.1;
						TestTargetID = 4EAFE0EA2537446E002D5235;
					};
					4EAFE10B2537446F002D5235 = {
						CreatedOnToolsVersion = 12.0.1;
						TestTargetID = 4EAFE0EA2537446E002D5235;
					};
				};
			};
			buildConfigurationList = 4EAFE0E62537446E002D5235 /* Build configuration list for PBXProject "H4X0R" */;
			compatibilityVersion = "Xcode 9.3";
			developmentRegion = en;
			hasScannedForEncodings = 0;
			knownRegions = (
				en,
				Base,
			);
			mainGroup = 4EAFE0E22537446E002D5235;
			productRefGroup = 4EAFE0EC2537446E002D5235 /* Products */;
			projectDirPath = "";
			projectRoot = "";
			targets = (
				4EAFE0EA2537446E002D5235 /* H4X0R */,
				4EAFE1002537446F002D5235 /* H4X0RTests */,
				4EAFE10B2537446F002D5235 /* H4X0RUITests */,
			);
		};
/* End PBXProject section */

/* Begin PBXResourcesBuildPhase section */
		4EAFE0E92537446E002D5235 /* Resources */ = {
			isa = PBXResourcesBuildPhase;
			buildActionMask = 2147483647;
			files = (
				4EAFE0FB2537446F002D5235 /* LaunchScreen.storyboard in Resources */,
				4EAFE0F82537446F002D5235 /* Preview Assets.xcassets in Resources */,
				4EAFE0F52537446F002D5235 /* Assets.xcassets in Resources */,
			);
			runOnlyForDeploymentPostprocessing = 0;
		};
		4EAFE0FF2537446F002D5235 /* Resources */ = {
			isa = PBXResourcesBuildPhase;
			buildActionMask = 2147483647;
			files = (
			);
			runOnlyForDeploymentPostprocessing = 0;
		};
		4EAFE10A2537446F002D5235 /* Resources */ = {
			isa = PBXResourcesBuildPhase;
			buildActionMask = 2147483647;
			files = (
			);
			runOnlyForDeploymentPostprocessing = 0;
		};
/* End PBXResourcesBuildPhase section */

/* Begin PBXSourcesBuildPhase section */
		4EAFE0E72537446E002D5235 /* Sources */ = {
			isa = PBXSourcesBuildPhase;
			buildActionMask = 2147483647;
			files = (
				4E91FD37255AC59900E7A558 /* PostData.swift in Sources */,
				4E256A52255C31DD00D2364F /* DetailView.swift in Sources */,
				4E91FD32255AC17D00E7A558 /* NetworkManager.swift in Sources */,
				4EAFE0EF2537446E002D5235 /* AppDelegate.swift in Sources */,
				4EAFE0F12537446E002D5235 /* SceneDelegate.swift in Sources */,
				4EAFE0F32537446E002D5235 /* ContentView.swift in Sources */,
				4E256A57255C403600D2364F /* WebView.swift in Sources */,
			);
			runOnlyForDeploymentPostprocessing = 0;
		};
		4EAFE0FD2537446F002D5235 /* Sources */ = {
			isa = PBXSourcesBuildPhase;
			buildActionMask = 2147483647;
			files = (
				4EAFE1062537446F002D5235 /* H4X0RTests.swift in Sources */,
			);
			runOnlyForDeploymentPostprocessing = 0;
		};
		4EAFE1082537446F002D5235 /* Sources */ = {
			isa = PBXSourcesBuildPhase;
			buildActionMask = 2147483647;
			files = (
				4EAFE11125374470002D5235 /* H4X0RUITests.swift in Sources */,
			);
			runOnlyForDeploymentPostprocessing = 0;
		};
/* End PBXSourcesBuildPhase section */

/* Begin PBXTargetDependency section */
		4EAFE1032537446F002D5235 /* PBXTargetDependency */ = {
			isa = PBXTargetDependency;
			target = 4EAFE0EA2537446E002D5235 /* H4X0R */;
			targetProxy = 4EAFE1022537446F002D5235 /* PBXContainerItemProxy */;
		};
		4EAFE10E25374470002D5235 /* PBXTargetDependency */ = {
			isa = PBXTargetDependency;
			target = 4EAFE0EA2537446E002D5235 /* H4X0R */;
			targetProxy = 4EAFE10D25374470002D5235 /* PBXContainerItemProxy */;
		};
/* End PBXTargetDependency section */

/* Begin PBXVariantGroup section */
		4EAFE0F92537446F002D5235 /* LaunchScreen.storyboard */ = {
			isa = PBXVariantGroup;
			children = (
				4EAFE0FA2537446F002D5235 /* Base */,
			);
			name = LaunchScreen.storyboard;
			sourceTree = "<group>";
		};
/* End PBXVariantGroup section */

/* Begin XCBuildConfiguration section */
		4EAFE11325374470002D5235 /* Debug */ = {
			isa = XCBuildConfiguration;
			buildSettings = {
				ALWAYS_SEARCH_USER_PATHS = NO;
				CLANG_ANALYZER_NONNULL = YES;
				CLANG_ANALYZER_NUMBER_OBJECT_CONVERSION = YES_AGGRESSIVE;
				CLANG_CXX_LANGUAGE_STANDARD = "gnu++14";
				CLANG_CXX_LIBRARY = "libc++";
				CLANG_ENABLE_MODULES = YES;
				CLANG_ENABLE_OBJC_ARC = YES;
				CLANG_ENABLE_OBJC_WEAK = YES;
				CLANG_WARN_BLOCK_CAPTURE_AUTORELEASING = YES;
				CLANG_WARN_BOOL_CONVERSION = YES;
				CLANG_WARN_COMMA = YES;
				CLANG_WARN_CONSTANT_CONVERSION = YES;
				CLANG_WARN_DEPRECATED_OBJC_IMPLEMENTATIONS = YES;
				CLANG_WARN_DIRECT_OBJC_ISA_USAGE = YES_ERROR;
				CLANG_WARN_DOCUMENTATION_COMMENTS = YES;
				CLANG_WARN_EMPTY_BODY = YES;
				CLANG_WARN_ENUM_CONVERSION = YES;
				CLANG_WARN_INFINITE_RECURSION = YES;
				CLANG_WARN_INT_CONVERSION = YES;
				CLANG_WARN_NON_LITERAL_NULL_CONVERSION = YES;
				CLANG_WARN_OBJC_IMPLICIT_RETAIN_SELF = YES;
				CLANG_WARN_OBJC_LITERAL_CONVERSION = YES;
				CLANG_WARN_OBJC_ROOT_CLASS = YES_ERROR;
				CLANG_WARN_QUOTED_INCLUDE_IN_FRAMEWORK_HEADER = YES;
				CLANG_WARN_RANGE_LOOP_ANALYSIS = YES;
				CLANG_WARN_STRICT_PROTOTYPES = YES;
				CLANG_WARN_SUSPICIOUS_MOVE = YES;
				CLANG_WARN_UNGUARDED_AVAILABILITY = YES_AGGRESSIVE;
				CLANG_WARN_UNREACHABLE_CODE = YES;
				CLANG_WARN__DUPLICATE_METHOD_MATCH = YES;
				COPY_PHASE_STRIP = NO;
				DEBUG_INFORMATION_FORMAT = dwarf;
				ENABLE_STRICT_OBJC_MSGSEND = YES;
				ENABLE_TESTABILITY = YES;
				GCC_C_LANGUAGE_STANDARD = gnu11;
				GCC_DYNAMIC_NO_PIC = NO;
				GCC_NO_COMMON_BLOCKS = YES;
				GCC_OPTIMIZATION_LEVEL = 0;
				GCC_PREPROCESSOR_DEFINITIONS = (
					"DEBUG=1",
					"$(inherited)",
				);
				GCC_WARN_64_TO_32_BIT_CONVERSION = YES;
				GCC_WARN_ABOUT_RETURN_TYPE = YES_ERROR;
				GCC_WARN_UNDECLARED_SELECTOR = YES;
				GCC_WARN_UNINITIALIZED_AUTOS = YES_AGGRESSIVE;
				GCC_WARN_UNUSED_FUNCTION = YES;
				GCC_WARN_UNUSED_VARIABLE = YES;
				IPHONEOS_DEPLOYMENT_TARGET = 14.0;
				MTL_ENABLE_DEBUG_INFO = INCLUDE_SOURCE;
				MTL_FAST_MATH = YES;
				ONLY_ACTIVE_ARCH = YES;
				SDKROOT = iphoneos;
				SWIFT_ACTIVE_COMPILATION_CONDITIONS = DEBUG;
				SWIFT_OPTIMIZATION_LEVEL = "-Onone";
			};
			name = Debug;
		};
		4EAFE11425374470002D5235 /* Release */ = {
			isa = XCBuildConfiguration;
			buildSettings = {
				ALWAYS_SEARCH_USER_PATHS = NO;
				CLANG_ANALYZER_NONNULL = YES;
				CLANG_ANALYZER_NUMBER_OBJECT_CONVERSION = YES_AGGRESSIVE;
				CLANG_CXX_LANGUAGE_STANDARD = "gnu++14";
				CLANG_CXX_LIBRARY = "libc++";
				CLANG_ENABLE_MODULES = YES;
				CLANG_ENABLE_OBJC_ARC = YES;
				CLANG_ENABLE_OBJC_WEAK = YES;
				CLANG_WARN_BLOCK_CAPTURE_AUTORELEASING = YES;
				CLANG_WARN_BOOL_CONVERSION = YES;
				CLANG_WARN_COMMA = YES;
				CLANG_WARN_CONSTANT_CONVERSION = YES;
				CLANG_WARN_DEPRECATED_OBJC_IMPLEMENTATIONS = YES;
				CLANG_WARN_DIRECT_OBJC_ISA_USAGE = YES_ERROR;
				CLANG_WARN_DOCUMENTATION_COMMENTS = YES;
				CLANG_WARN_EMPTY_BODY = YES;
				CLANG_WARN_ENUM_CONVERSION = YES;
				CLANG_WARN_INFINITE_RECURSION = YES;
				CLANG_WARN_INT_CONVERSION = YES;
				CLANG_WARN_NON_LITERAL_NULL_CONVERSION = YES;
				CLANG_WARN_OBJC_IMPLICIT_RETAIN_SELF = YES;
				CLANG_WARN_OBJC_LITERAL_CONVERSION = YES;
				CLANG_WARN_OBJC_ROOT_CLASS = YES_ERROR;
				CLANG_WARN_QUOTED_INCLUDE_IN_FRAMEWORK_HEADER = YES;
				CLANG_WARN_RANGE_LOOP_ANALYSIS = YES;
				CLANG_WARN_STRICT_PROTOTYPES = YES;
				CLANG_WARN_SUSPICIOUS_MOVE = YES;
				CLANG_WARN_UNGUARDED_AVAILABILITY = YES_AGGRESSIVE;
				CLANG_WARN_UNREACHABLE_CODE = YES;
				CLANG_WARN__DUPLICATE_METHOD_MATCH = YES;
				COPY_PHASE_STRIP = NO;
				DEBUG_INFORMATION_FORMAT = "dwarf-with-dsym";
				ENABLE_NS_ASSERTIONS = NO;
				ENABLE_STRICT_OBJC_MSGSEND = YES;
				GCC_C_LANGUAGE_STANDARD = gnu11;
				GCC_NO_COMMON_BLOCKS = YES;
				GCC_WARN_64_TO_32_BIT_CONVERSION = YES;
				GCC_WARN_ABOUT_RETURN_TYPE = YES_ERROR;
				GCC_WARN_UNDECLARED_SELECTOR = YES;
				GCC_WARN_UNINITIALIZED_AUTOS = YES_AGGRESSIVE;
				GCC_WARN_UNUSED_FUNCTION = YES;
				GCC_WARN_UNUSED_VARIABLE = YES;
				IPHONEOS_DEPLOYMENT_TARGET = 14.0;
				MTL_ENABLE_DEBUG_INFO = NO;
				MTL_FAST_MATH = YES;
				SDKROOT = iphoneos;
				SWIFT_COMPILATION_MODE = wholemodule;
				SWIFT_OPTIMIZATION_LEVEL = "-O";
				VALIDATE_PRODUCT = YES;
			};
			name = Release;
		};
		4EAFE11625374470002D5235 /* Debug */ = {
			isa = XCBuildConfiguration;
			buildSettings = {
				ASSETCATALOG_COMPILER_APPICON_NAME = AppIcon;
				ASSETCATALOG_COMPILER_GLOBAL_ACCENT_COLOR_NAME = AccentColor;
				CODE_SIGN_ENTITLEMENTS = H4X0R/H4X0R.entitlements;
				CODE_SIGN_STYLE = Automatic;
				DEVELOPMENT_ASSET_PATHS = "\"H4X0R/Preview Content\"";
				DEVELOPMENT_TEAM = 453P96VLX3;
				ENABLE_PREVIEWS = YES;
				INFOPLIST_FILE = H4X0R/Info.plist;
				IPHONEOS_DEPLOYMENT_TARGET = 14.0;
				LD_RUNPATH_SEARCH_PATHS = (
					"$(inherited)",
					"@executable_path/Frameworks",
				);
				PRODUCT_BUNDLE_IDENTIFIER = com.Golkowski.H4X0R;
				PRODUCT_NAME = "$(TARGET_NAME)";
				SUPPORTS_MACCATALYST = YES;
				SWIFT_VERSION = 5.0;
				TARGETED_DEVICE_FAMILY = "1,2";
			};
			name = Debug;
		};
		4EAFE11725374470002D5235 /* Release */ = {
			isa = XCBuildConfiguration;
			buildSettings = {
				ASSETCATALOG_COMPILER_APPICON_NAME = AppIcon;
				ASSETCATALOG_COMPILER_GLOBAL_ACCENT_COLOR_NAME = AccentColor;
				CODE_SIGN_ENTITLEMENTS = H4X0R/H4X0R.entitlements;
				CODE_SIGN_STYLE = Automatic;
				DEVELOPMENT_ASSET_PATHS = "\"H4X0R/Preview Content\"";
				DEVELOPMENT_TEAM = 453P96VLX3;
				ENABLE_PREVIEWS = YES;
				INFOPLIST_FILE = H4X0R/Info.plist;
				IPHONEOS_DEPLOYMENT_TARGET = 14.0;
				LD_RUNPATH_SEARCH_PATHS = (
					"$(inherited)",
					"@executable_path/Frameworks",
				);
				PRODUCT_BUNDLE_IDENTIFIER = com.Golkowski.H4X0R;
				PRODUCT_NAME = "$(TARGET_NAME)";
				SUPPORTS_MACCATALYST = YES;
				SWIFT_VERSION = 5.0;
				TARGETED_DEVICE_FAMILY = "1,2";
			};
			name = Release;
		};
		4EAFE11925374470002D5235 /* Debug */ = {
			isa = XCBuildConfiguration;
			buildSettings = {
				ALWAYS_EMBED_SWIFT_STANDARD_LIBRARIES = YES;
				BUNDLE_LOADER = "$(TEST_HOST)";
				CODE_SIGN_STYLE = Automatic;
				DEVELOPMENT_TEAM = 453P96VLX3;
				INFOPLIST_FILE = H4X0RTests/Info.plist;
				IPHONEOS_DEPLOYMENT_TARGET = 14.0;
				LD_RUNPATH_SEARCH_PATHS = (
					"$(inherited)",
					"@executable_path/Frameworks",
					"@loader_path/Frameworks",
				);
				PRODUCT_BUNDLE_IDENTIFIER = com.Golkowski.H4X0RTests;
				PRODUCT_NAME = "$(TARGET_NAME)";
				SWIFT_VERSION = 5.0;
				TARGETED_DEVICE_FAMILY = "1,2";
				TEST_HOST = "$(BUILT_PRODUCTS_DIR)/H4X0R.app/H4X0R";
			};
			name = Debug;
		};
		4EAFE11A25374470002D5235 /* Release */ = {
			isa = XCBuildConfiguration;
			buildSettings = {
				ALWAYS_EMBED_SWIFT_STANDARD_LIBRARIES = YES;
				BUNDLE_LOADER = "$(TEST_HOST)";
				CODE_SIGN_STYLE = Automatic;
				DEVELOPMENT_TEAM = 453P96VLX3;
				INFOPLIST_FILE = H4X0RTests/Info.plist;
				IPHONEOS_DEPLOYMENT_TARGET = 14.0;
				LD_RUNPATH_SEARCH_PATHS = (
					"$(inherited)",
					"@executable_path/Frameworks",
					"@loader_path/Frameworks",
				);
				PRODUCT_BUNDLE_IDENTIFIER = com.Golkowski.H4X0RTests;
				PRODUCT_NAME = "$(TARGET_NAME)";
				SWIFT_VERSION = 5.0;
				TARGETED_DEVICE_FAMILY = "1,2";
				TEST_HOST = "$(BUILT_PRODUCTS_DIR)/H4X0R.app/H4X0R";
			};
			name = Release;
		};
		4EAFE11C25374470002D5235 /* Debug */ = {
			isa = XCBuildConfiguration;
			buildSettings = {
				ALWAYS_EMBED_SWIFT_STANDARD_LIBRARIES = YES;
				CODE_SIGN_STYLE = Automatic;
				DEVELOPMENT_TEAM = 453P96VLX3;
				INFOPLIST_FILE = H4X0RUITests/Info.plist;
				LD_RUNPATH_SEARCH_PATHS = (
					"$(inherited)",
					"@executable_path/Frameworks",
					"@loader_path/Frameworks",
				);
				PRODUCT_BUNDLE_IDENTIFIER = com.Golkowski.H4X0RUITests;
				PRODUCT_NAME = "$(TARGET_NAME)";
				SWIFT_VERSION = 5.0;
				TARGETED_DEVICE_FAMILY = "1,2";
				TEST_TARGET_NAME = H4X0R;
			};
			name = Debug;
		};
		4EAFE11D25374470002D5235 /* Release */ = {
			isa = XCBuildConfiguration;
			buildSettings = {
				ALWAYS_EMBED_SWIFT_STANDARD_LIBRARIES = YES;
				CODE_SIGN_STYLE = Automatic;
				DEVELOPMENT_TEAM = 453P96VLX3;
				INFOPLIST_FILE = H4X0RUITests/Info.plist;
				LD_RUNPATH_SEARCH_PATHS = (
					"$(inherited)",
					"@executable_path/Frameworks",
					"@loader_path/Frameworks",
				);
				PRODUCT_BUNDLE_IDENTIFIER = com.Golkowski.H4X0RUITests;
				PRODUCT_NAME = "$(TARGET_NAME)";
				SWIFT_VERSION = 5.0;
				TARGETED_DEVICE_FAMILY = "1,2";
				TEST_TARGET_NAME = H4X0R;
			};
			name = Release;
		};
/* End XCBuildConfiguration section */

/* Begin XCConfigurationList section */
		4EAFE0E62537446E002D5235 /* Build configuration list for PBXProject "H4X0R" */ = {
			isa = XCConfigurationList;
			buildConfigurations = (
				4EAFE11325374470002D5235 /* Debug */,
				4EAFE11425374470002D5235 /* Release */,
			);
			defaultConfigurationIsVisible = 0;
			defaultConfigurationName = Release;
		};
		4EAFE11525374470002D5235 /* Build configuration list for PBXNativeTarget "H4X0R" */ = {
			isa = XCConfigurationList;
			buildConfigurations = (
				4EAFE11625374470002D5235 /* Debug */,
				4EAFE11725374470002D5235 /* Release */,
			);
			defaultConfigurationIsVisible = 0;
			defaultConfigurationName = Release;
		};
		4EAFE11825374470002D5235 /* Build configuration list for PBXNativeTarget "H4X0RTests" */ = {
			isa = XCConfigurationList;
			buildConfigurations = (
				4EAFE11925374470002D5235 /* Debug */,
				4EAFE11A25374470002D5235 /* Release */,
			);
			defaultConfigurationIsVisible = 0;
			defaultConfigurationName = Release;
		};
		4EAFE11B25374470002D5235 /* Build configuration list for PBXNativeTarget "H4X0RUITests" */ = {
			isa = XCConfigurationList;
			buildConfigurations = (
				4EAFE11C25374470002D5235 /* Debug */,
				4EAFE11D25374470002D5235 /* Release */,
			);
			defaultConfigurationIsVisible = 0;
			defaultConfigurationName = Release;
		};
/* End XCConfigurationList section */
	};
	rootObject = 4EAFE0E32537446E002D5235 /* Project object */;
}
